// !$*UTF8*$!
{
	archiveVersion = 1;
	classes = {
	};
	objectVersion = 50;
	objects = {

/* Begin PBXBuildFile section */
		1017A8AC2216A620006DBC30 /* AppDelegate.m in Sources */ = {isa = PBXBuildFile; fileRef = 1017A8AB2216A620006DBC30 /* AppDelegate.m */; };
		1017A8AF2216A620006DBC30 /* ViewController.m in Sources */ = {isa = PBXBuildFile; fileRef = 1017A8AE2216A620006DBC30 /* ViewController.m */; };
		1017A8B22216A620006DBC30 /* Main.storyboard in Resources */ = {isa = PBXBuildFile; fileRef = 1017A8B02216A620006DBC30 /* Main.storyboard */; };
		1017A8B42216A622006DBC30 /* Assets.xcassets in Resources */ = {isa = PBXBuildFile; fileRef = 1017A8B32216A622006DBC30 /* Assets.xcassets */; };
		1017A8B72216A622006DBC30 /* LaunchScreen.storyboard in Resources */ = {isa = PBXBuildFile; fileRef = 1017A8B52216A622006DBC30 /* LaunchScreen.storyboard */; };
		1017A8BA2216A622006DBC30 /* main.m in Sources */ = {isa = PBXBuildFile; fileRef = 1017A8B92216A622006DBC30 /* main.m */; };
		1017A8C42216A622006DBC30 /* HCMoudleLifecycleTests.m in Sources */ = {isa = PBXBuildFile; fileRef = 1017A8C32216A622006DBC30 /* HCMoudleLifecycleTests.m */; };
		1017A8D12216A6D7006DBC30 /* HCModuleLifecycle.m in Sources */ = {isa = PBXBuildFile; fileRef = 1017A8D02216A6D7006DBC30 /* HCModuleLifecycle.m */; };
		1017A8D42216A74E006DBC30 /* HCModulesLifecycleManager.m in Sources */ = {isa = PBXBuildFile; fileRef = 1017A8D32216A74E006DBC30 /* HCModulesLifecycleManager.m */; };
		1017A8D92216B5B6006DBC30 /* MoudleALifecycle.m in Sources */ = {isa = PBXBuildFile; fileRef = 1017A8D82216B5B6006DBC30 /* MoudleALifecycle.m */; };
		1017A8DC2216B5C7006DBC30 /* ModuleBLifecycle.m in Sources */ = {isa = PBXBuildFile; fileRef = 1017A8DB2216B5C7006DBC30 /* ModuleBLifecycle.m */; };
		A2414FDDDB22A6662E0C4835 /* libPods-HCMoudleLifecycleTests.a in Frameworks */ = {isa = PBXBuildFile; fileRef = 09728E27C06587DA02A64D2A /* libPods-HCMoudleLifecycleTests.a */; };
		FBB11DC30405ABFEBB6F38BD /* libPods-HCMoudleLifecycle.a in Frameworks */ = {isa = PBXBuildFile; fileRef = 142B32A47762CDA1B891C22E /* libPods-HCMoudleLifecycle.a */; };
/* End PBXBuildFile section */

/* Begin PBXContainerItemProxy section */
		1017A8C02216A622006DBC30 /* PBXContainerItemProxy */ = {
			isa = PBXContainerItemProxy;
			containerPortal = 1017A89F2216A620006DBC30 /* Project object */;
			proxyType = 1;
			remoteGlobalIDString = 1017A8A62216A620006DBC30;
			remoteInfo = HCMoudleLifecycle;
		};
/* End PBXContainerItemProxy section */

/* Begin PBXFileReference section */
		09728E27C06587DA02A64D2A /* libPods-HCMoudleLifecycleTests.a */ = {isa = PBXFileReference; explicitFileType = archive.ar; includeInIndex = 0; path = "libPods-HCMoudleLifecycleTests.a"; sourceTree = BUILT_PRODUCTS_DIR; };
		1017A8A72216A620006DBC30 /* HCMoudleLifecycle.app */ = {isa = PBXFileReference; explicitFileType = wrapper.application; includeInIndex = 0; path = HCMoudleLifecycle.app; sourceTree = BUILT_PRODUCTS_DIR; };
		1017A8AA2216A620006DBC30 /* AppDelegate.h */ = {isa = PBXFileReference; lastKnownFileType = sourcecode.c.h; path = AppDelegate.h; sourceTree = "<group>"; };
		1017A8AB2216A620006DBC30 /* AppDelegate.m */ = {isa = PBXFileReference; lastKnownFileType = sourcecode.c.objc; path = AppDelegate.m; sourceTree = "<group>"; };
		1017A8AD2216A620006DBC30 /* ViewController.h */ = {isa = PBXFileReference; lastKnownFileType = sourcecode.c.h; path = ViewController.h; sourceTree = "<group>"; };
		1017A8AE2216A620006DBC30 /* ViewController.m */ = {isa = PBXFileReference; lastKnownFileType = sourcecode.c.objc; path = ViewController.m; sourceTree = "<group>"; };
		1017A8B12216A620006DBC30 /* Base */ = {isa = PBXFileReference; lastKnownFileType = file.storyboard; name = Base; path = Base.lproj/Main.storyboard; sourceTree = "<group>"; };
		1017A8B32216A622006DBC30 /* Assets.xcassets */ = {isa = PBXFileReference; lastKnownFileType = folder.assetcatalog; path = Assets.xcassets; sourceTree = "<group>"; };
		1017A8B62216A622006DBC30 /* Base */ = {isa = PBXFileReference; lastKnownFileType = file.storyboard; name = Base; path = Base.lproj/LaunchScreen.storyboard; sourceTree = "<group>"; };
		1017A8B82216A622006DBC30 /* Info.plist */ = {isa = PBXFileReference; lastKnownFileType = text.plist.xml; path = Info.plist; sourceTree = "<group>"; };
		1017A8B92216A622006DBC30 /* main.m */ = {isa = PBXFileReference; lastKnownFileType = sourcecode.c.objc; path = main.m; sourceTree = "<group>"; };
		1017A8BF2216A622006DBC30 /* HCMoudleLifecycleTests.xctest */ = {isa = PBXFileReference; explicitFileType = wrapper.cfbundle; includeInIndex = 0; path = HCMoudleLifecycleTests.xctest; sourceTree = BUILT_PRODUCTS_DIR; };
		1017A8C32216A622006DBC30 /* HCMoudleLifecycleTests.m */ = {isa = PBXFileReference; lastKnownFileType = sourcecode.c.objc; path = HCMoudleLifecycleTests.m; sourceTree = "<group>"; };
		1017A8C52216A622006DBC30 /* Info.plist */ = {isa = PBXFileReference; lastKnownFileType = text.plist.xml; path = Info.plist; sourceTree = "<group>"; };
		1017A8CF2216A6D7006DBC30 /* HCModuleLifecycle.h */ = {isa = PBXFileReference; lastKnownFileType = sourcecode.c.h; path = HCModuleLifecycle.h; sourceTree = "<group>"; };
		1017A8D02216A6D7006DBC30 /* HCModuleLifecycle.m */ = {isa = PBXFileReference; lastKnownFileType = sourcecode.c.objc; path = HCModuleLifecycle.m; sourceTree = "<group>"; };
		1017A8D22216A74E006DBC30 /* HCModulesLifecycleManager.h */ = {isa = PBXFileReference; lastKnownFileType = sourcecode.c.h; path = HCModulesLifecycleManager.h; sourceTree = "<group>"; };
		1017A8D32216A74E006DBC30 /* HCModulesLifecycleManager.m */ = {isa = PBXFileReference; lastKnownFileType = sourcecode.c.objc; path = HCModulesLifecycleManager.m; sourceTree = "<group>"; };
		1017A8D72216B5B6006DBC30 /* MoudleALifecycle.h */ = {isa = PBXFileReference; lastKnownFileType = sourcecode.c.h; path = MoudleALifecycle.h; sourceTree = "<group>"; };
		1017A8D82216B5B6006DBC30 /* MoudleALifecycle.m */ = {isa = PBXFileReference; lastKnownFileType = sourcecode.c.objc; path = MoudleALifecycle.m; sourceTree = "<group>"; };
		1017A8DA2216B5C7006DBC30 /* ModuleBLifecycle.h */ = {isa = PBXFileReference; lastKnownFileType = sourcecode.c.h; path = ModuleBLifecycle.h; sourceTree = "<group>"; };
		1017A8DB2216B5C7006DBC30 /* ModuleBLifecycle.m */ = {isa = PBXFileReference; lastKnownFileType = sourcecode.c.objc; path = ModuleBLifecycle.m; sourceTree = "<group>"; };
		142B32A47762CDA1B891C22E /* libPods-HCMoudleLifecycle.a */ = {isa = PBXFileReference; explicitFileType = archive.ar; includeInIndex = 0; path = "libPods-HCMoudleLifecycle.a"; sourceTree = BUILT_PRODUCTS_DIR; };
		2E80B8606D9FCF8004379126 /* Pods-HCMoudleLifecycleTests.debug.xcconfig */ = {isa = PBXFileReference; includeInIndex = 1; lastKnownFileType = text.xcconfig; name = "Pods-HCMoudleLifecycleTests.debug.xcconfig"; path = "Target Support Files/Pods-HCMoudleLifecycleTests/Pods-HCMoudleLifecycleTests.debug.xcconfig"; sourceTree = "<group>"; };
		86E941DD6D37F6FF52FDCD18 /* Pods-HCMoudleLifecycle.debug.xcconfig */ = {isa = PBXFileReference; includeInIndex = 1; lastKnownFileType = text.xcconfig; name = "Pods-HCMoudleLifecycle.debug.xcconfig"; path = "Target Support Files/Pods-HCMoudleLifecycle/Pods-HCMoudleLifecycle.debug.xcconfig"; sourceTree = "<group>"; };
		A3BFCACA2D2F3E09449E8F3B /* Pods-HCMoudleLifecycleTests.release.xcconfig */ = {isa = PBXFileReference; includeInIndex = 1; lastKnownFileType = text.xcconfig; name = "Pods-HCMoudleLifecycleTests.release.xcconfig"; path = "Target Support Files/Pods-HCMoudleLifecycleTests/Pods-HCMoudleLifecycleTests.release.xcconfig"; sourceTree = "<group>"; };
		D2147E5FFEB06F38291DA54A /* Pods-HCMoudleLifecycle.release.xcconfig */ = {isa = PBXFileReference; includeInIndex = 1; lastKnownFileType = text.xcconfig; name = "Pods-HCMoudleLifecycle.release.xcconfig"; path = "Target Support Files/Pods-HCMoudleLifecycle/Pods-HCMoudleLifecycle.release.xcconfig"; sourceTree = "<group>"; };
/* End PBXFileReference section */

/* Begin PBXFrameworksBuildPhase section */
		1017A8A42216A620006DBC30 /* Frameworks */ = {
			isa = PBXFrameworksBuildPhase;
			buildActionMask = 2147483647;
			files = (
				FBB11DC30405ABFEBB6F38BD /* libPods-HCMoudleLifecycle.a in Frameworks */,
			);
			runOnlyForDeploymentPostprocessing = 0;
		};
		1017A8BC2216A622006DBC30 /* Frameworks */ = {
			isa = PBXFrameworksBuildPhase;
			buildActionMask = 2147483647;
			files = (
				A2414FDDDB22A6662E0C4835 /* libPods-HCMoudleLifecycleTests.a in Frameworks */,
			);
			runOnlyForDeploymentPostprocessing = 0;
		};
/* End PBXFrameworksBuildPhase section */

/* Begin PBXGroup section */
		1017A89E2216A620006DBC30 = {
			isa = PBXGroup;
			children = (
				1017A8A92216A620006DBC30 /* HCMoudleLifecycle */,
				1017A8C22216A622006DBC30 /* HCMoudleLifecycleTests */,
				1017A8A82216A620006DBC30 /* Products */,
				5AF14B4A1AA65CCE2155705A /* Pods */,
				42319DD838604DAD2E015254 /* Frameworks */,
			);
			sourceTree = "<group>";
		};
		1017A8A82216A620006DBC30 /* Products */ = {
			isa = PBXGroup;
			children = (
				1017A8A72216A620006DBC30 /* HCMoudleLifecycle.app */,
				1017A8BF2216A622006DBC30 /* HCMoudleLifecycleTests.xctest */,
			);
			name = Products;
			sourceTree = "<group>";
		};
		1017A8A92216A620006DBC30 /* HCMoudleLifecycle */ = {
			isa = PBXGroup;
			children = (
				1017A8CE2216A642006DBC30 /* Classes */,
				1017A8AA2216A620006DBC30 /* AppDelegate.h */,
				1017A8AB2216A620006DBC30 /* AppDelegate.m */,
				1017A8AD2216A620006DBC30 /* ViewController.h */,
				1017A8AE2216A620006DBC30 /* ViewController.m */,
				1017A8D62216B59E006DBC30 /* ModuleA */,
				1017A8D52216B59E006DBC30 /* ModuleB */,
				1017A8B02216A620006DBC30 /* Main.storyboard */,
				1017A8B32216A622006DBC30 /* Assets.xcassets */,
				1017A8B52216A622006DBC30 /* LaunchScreen.storyboard */,
				1017A8B82216A622006DBC30 /* Info.plist */,
				1017A8B92216A622006DBC30 /* main.m */,
			);
			path = HCMoudleLifecycle;
			sourceTree = "<group>";
		};
		1017A8C22216A622006DBC30 /* HCMoudleLifecycleTests */ = {
			isa = PBXGroup;
			children = (
				1017A8C32216A622006DBC30 /* HCMoudleLifecycleTests.m */,
				1017A8C52216A622006DBC30 /* Info.plist */,
			);
			path = HCMoudleLifecycleTests;
			sourceTree = "<group>";
		};
		1017A8CE2216A642006DBC30 /* Classes */ = {
			isa = PBXGroup;
			children = (
				1017A8CF2216A6D7006DBC30 /* HCModuleLifecycle.h */,
				1017A8D02216A6D7006DBC30 /* HCModuleLifecycle.m */,
				1017A8D22216A74E006DBC30 /* HCModulesLifecycleManager.h */,
				1017A8D32216A74E006DBC30 /* HCModulesLifecycleManager.m */,
			);
			path = Classes;
			sourceTree = "<group>";
		};
		1017A8D52216B59E006DBC30 /* ModuleB */ = {
			isa = PBXGroup;
			children = (
				1017A8DA2216B5C7006DBC30 /* ModuleBLifecycle.h */,
				1017A8DB2216B5C7006DBC30 /* ModuleBLifecycle.m */,
			);
			path = ModuleB;
			sourceTree = "<group>";
		};
		1017A8D62216B59E006DBC30 /* ModuleA */ = {
			isa = PBXGroup;
			children = (
				1017A8D72216B5B6006DBC30 /* MoudleALifecycle.h */,
				1017A8D82216B5B6006DBC30 /* MoudleALifecycle.m */,
			);
			path = ModuleA;
			sourceTree = "<group>";
		};
		42319DD838604DAD2E015254 /* Frameworks */ = {
			isa = PBXGroup;
			children = (
				142B32A47762CDA1B891C22E /* libPods-HCMoudleLifecycle.a */,
				09728E27C06587DA02A64D2A /* libPods-HCMoudleLifecycleTests.a */,
			);
			name = Frameworks;
			sourceTree = "<group>";
		};
		5AF14B4A1AA65CCE2155705A /* Pods */ = {
			isa = PBXGroup;
			children = (
				86E941DD6D37F6FF52FDCD18 /* Pods-HCMoudleLifecycle.debug.xcconfig */,
				D2147E5FFEB06F38291DA54A /* Pods-HCMoudleLifecycle.release.xcconfig */,
				2E80B8606D9FCF8004379126 /* Pods-HCMoudleLifecycleTests.debug.xcconfig */,
				A3BFCACA2D2F3E09449E8F3B /* Pods-HCMoudleLifecycleTests.release.xcconfig */,
			);
			path = Pods;
			sourceTree = "<group>";
		};
/* End PBXGroup section */

/* Begin PBXNativeTarget section */
		1017A8A62216A620006DBC30 /* HCMoudleLifecycle */ = {
			isa = PBXNativeTarget;
			buildConfigurationList = 1017A8C82216A622006DBC30 /* Build configuration list for PBXNativeTarget "HCMoudleLifecycle" */;
			buildPhases = (
				C8931F8D8C4AEC50BF889D8B /* [CP] Check Pods Manifest.lock */,
				1017A8A32216A620006DBC30 /* Sources */,
				1017A8A42216A620006DBC30 /* Frameworks */,
				1017A8A52216A620006DBC30 /* Resources */,
			);
			buildRules = (
			);
			dependencies = (
			);
			name = HCMoudleLifecycle;
			productName = HCMoudleLifecycle;
			productReference = 1017A8A72216A620006DBC30 /* HCMoudleLifecycle.app */;
			productType = "com.apple.product-type.application";
		};
		1017A8BE2216A622006DBC30 /* HCMoudleLifecycleTests */ = {
			isa = PBXNativeTarget;
			buildConfigurationList = 1017A8CB2216A622006DBC30 /* Build configuration list for PBXNativeTarget "HCMoudleLifecycleTests" */;
			buildPhases = (
				CFA908E42E872FDF39E4BD0A /* [CP] Check Pods Manifest.lock */,
				1017A8BB2216A622006DBC30 /* Sources */,
				1017A8BC2216A622006DBC30 /* Frameworks */,
				1017A8BD2216A622006DBC30 /* Resources */,
			);
			buildRules = (
			);
			dependencies = (
				1017A8C12216A622006DBC30 /* PBXTargetDependency */,
			);
			name = HCMoudleLifecycleTests;
			productName = HCMoudleLifecycleTests;
			productReference = 1017A8BF2216A622006DBC30 /* HCMoudleLifecycleTests.xctest */;
			productType = "com.apple.product-type.bundle.unit-test";
		};
/* End PBXNativeTarget section */

/* Begin PBXProject section */
		1017A89F2216A620006DBC30 /* Project object */ = {
			isa = PBXProject;
			attributes = {
				LastUpgradeCheck = 1010;
				ORGANIZATIONNAME = hechao;
				TargetAttributes = {
					1017A8A62216A620006DBC30 = {
						CreatedOnToolsVersion = 10.1;
					};
					1017A8BE2216A622006DBC30 = {
						CreatedOnToolsVersion = 10.1;
						TestTargetID = 1017A8A62216A620006DBC30;
					};
				};
			};
			buildConfigurationList = 1017A8A22216A620006DBC30 /* Build configuration list for PBXProject "HCMoudleLifecycle" */;
			compatibilityVersion = "Xcode 9.3";
			developmentRegion = en;
			hasScannedForEncodings = 0;
			knownRegions = (
				en,
				Base,
			);
			mainGroup = 1017A89E2216A620006DBC30;
			productRefGroup = 1017A8A82216A620006DBC30 /* Products */;
			projectDirPath = "";
			projectRoot = "";
			targets = (
				1017A8A62216A620006DBC30 /* HCMoudleLifecycle */,
				1017A8BE2216A622006DBC30 /* HCMoudleLifecycleTests */,
			);
		};
/* End PBXProject section */

/* Begin PBXResourcesBuildPhase section */
		1017A8A52216A620006DBC30 /* Resources */ = {
			isa = PBXResourcesBuildPhase;
			buildActionMask = 2147483647;
			files = (
				1017A8B72216A622006DBC30 /* LaunchScreen.storyboard in Resources */,
				1017A8B42216A622006DBC30 /* Assets.xcassets in Resources */,
				1017A8B22216A620006DBC30 /* Main.storyboard in Resources */,
			);
			runOnlyForDeploymentPostprocessing = 0;
		};
		1017A8BD2216A622006DBC30 /* Resources */ = {
			isa = PBXResourcesBuildPhase;
			buildActionMask = 2147483647;
			files = (
			);
			runOnlyForDeploymentPostprocessing = 0;
		};
/* End PBXResourcesBuildPhase section */

/* Begin PBXShellScriptBuildPhase section */
		C8931F8D8C4AEC50BF889D8B /* [CP] Check Pods Manifest.lock */ = {
			isa = PBXShellScriptBuildPhase;
			buildActionMask = 2147483647;
			files = (
			);
			inputFileListPaths = (
			);
			inputPaths = (
				"${PODS_PODFILE_DIR_PATH}/Podfile.lock",
				"${PODS_ROOT}/Manifest.lock",
			);
			name = "[CP] Check Pods Manifest.lock";
			outputFileListPaths = (
			);
			outputPaths = (
				"$(DERIVED_FILE_DIR)/Pods-HCMoudleLifecycle-checkManifestLockResult.txt",
			);
			runOnlyForDeploymentPostprocessing = 0;
			shellPath = /bin/sh;
			shellScript = "diff \"${PODS_PODFILE_DIR_PATH}/Podfile.lock\" \"${PODS_ROOT}/Manifest.lock\" > /dev/null\nif [ $? != 0 ] ; then\n    # print error to STDERR\n    echo \"error: The sandbox is not in sync with the Podfile.lock. Run 'pod install' or update your CocoaPods installation.\" >&2\n    exit 1\nfi\n# This output is used by Xcode 'outputs' to avoid re-running this script phase.\necho \"SUCCESS\" > \"${SCRIPT_OUTPUT_FILE_0}\"\n";
			showEnvVarsInLog = 0;
		};
		CFA908E42E872FDF39E4BD0A /* [CP] Check Pods Manifest.lock */ = {
			isa = PBXShellScriptBuildPhase;
			buildActionMask = 2147483647;
			files = (
			);
			inputFileListPaths = (
			);
			inputPaths = (
				"${PODS_PODFILE_DIR_PATH}/Podfile.lock",
				"${PODS_ROOT}/Manifest.lock",
			);
			name = "[CP] Check Pods Manifest.lock";
			outputFileListPaths = (
			);
			outputPaths = (
				"$(DERIVED_FILE_DIR)/Pods-HCMoudleLifecycleTests-checkManifestLockResult.txt",
			);
			runOnlyForDeploymentPostprocessing = 0;
			shellPath = /bin/sh;
			shellScript = "diff \"${PODS_PODFILE_DIR_PATH}/Podfile.lock\" \"${PODS_ROOT}/Manifest.lock\" > /dev/null\nif [ $? != 0 ] ; then\n    # print error to STDERR\n    echo \"error: The sandbox is not in sync with the Podfile.lock. Run 'pod install' or update your CocoaPods installation.\" >&2\n    exit 1\nfi\n# This output is used by Xcode 'outputs' to avoid re-running this script phase.\necho \"SUCCESS\" > \"${SCRIPT_OUTPUT_FILE_0}\"\n";
			showEnvVarsInLog = 0;
		};
/* End PBXShellScriptBuildPhase section */

/* Begin PBXSourcesBuildPhase section */
		1017A8A32216A620006DBC30 /* Sources */ = {
			isa = PBXSourcesBuildPhase;
			buildActionMask = 2147483647;
			files = (
				1017A8AF2216A620006DBC30 /* ViewController.m in Sources */,
				1017A8BA2216A622006DBC30 /* main.m in Sources */,
				1017A8DC2216B5C7006DBC30 /* ModuleBLifecycle.m in Sources */,
				1017A8D92216B5B6006DBC30 /* MoudleALifecycle.m in Sources */,
				1017A8AC2216A620006DBC30 /* AppDelegate.m in Sources */,
				1017A8D42216A74E006DBC30 /* HCModulesLifecycleManager.m in Sources */,
				1017A8D12216A6D7006DBC30 /* HCModuleLifecycle.m in Sources */,
			);
			runOnlyForDeploymentPostprocessing = 0;
		};
		1017A8BB2216A622006DBC30 /* Sources */ = {
			isa = PBXSourcesBuildPhase;
			buildActionMask = 2147483647;
			files = (
				1017A8C42216A622006DBC30 /* HCMoudleLifecycleTests.m in Sources */,
			);
			runOnlyForDeploymentPostprocessing = 0;
		};
/* End PBXSourcesBuildPhase section */

/* Begin PBXTargetDependency section */
		1017A8C12216A622006DBC30 /* PBXTargetDependency */ = {
			isa = PBXTargetDependency;
			target = 1017A8A62216A620006DBC30 /* HCMoudleLifecycle */;
			targetProxy = 1017A8C02216A622006DBC30 /* PBXContainerItemProxy */;
		};
/* End PBXTargetDependency section */

/* Begin PBXVariantGroup section */
		1017A8B02216A620006DBC30 /* Main.storyboard */ = {
			isa = PBXVariantGroup;
			children = (
				1017A8B12216A620006DBC30 /* Base */,
			);
			name = Main.storyboard;
			sourceTree = "<group>";
		};
		1017A8B52216A622006DBC30 /* LaunchScreen.storyboard */ = {
			isa = PBXVariantGroup;
			children = (
				1017A8B62216A622006DBC30 /* Base */,
			);
			name = LaunchScreen.storyboard;
			sourceTree = "<group>";
		};
/* End PBXVariantGroup section */

/* Begin XCBuildConfiguration section */
		1017A8C62216A622006DBC30 /* Debug */ = {
			isa = XCBuildConfiguration;
			buildSettings = {
				ALWAYS_SEARCH_USER_PATHS = NO;
				CLANG_ANALYZER_NONNULL = YES;
				CLANG_ANALYZER_NUMBER_OBJECT_CONVERSION = YES_AGGRESSIVE;
				CLANG_CXX_LANGUAGE_STANDARD = "gnu++14";
				CLANG_CXX_LIBRARY = "libc++";
				CLANG_ENABLE_MODULES = YES;
				CLANG_ENABLE_OBJC_ARC = YES;
				CLANG_ENABLE_OBJC_WEAK = YES;
				CLANG_WARN_BLOCK_CAPTURE_AUTORELEASING = YES;
				CLANG_WARN_BOOL_CONVERSION = YES;
				CLANG_WARN_COMMA = YES;
				CLANG_WARN_CONSTANT_CONVERSION = YES;
				CLANG_WARN_DEPRECATED_OBJC_IMPLEMENTATIONS = YES;
				CLANG_WARN_DIRECT_OBJC_ISA_USAGE = YES_ERROR;
				CLANG_WARN_DOCUMENTATION_COMMENTS = YES;
				CLANG_WARN_EMPTY_BODY = YES;
				CLANG_WARN_ENUM_CONVERSION = YES;
				CLANG_WARN_INFINITE_RECURSION = YES;
				CLANG_WARN_INT_CONVERSION = YES;
				CLANG_WARN_NON_LITERAL_NULL_CONVERSION = YES;
				CLANG_WARN_OBJC_IMPLICIT_RETAIN_SELF = YES;
				CLANG_WARN_OBJC_LITERAL_CONVERSION = YES;
				CLANG_WARN_OBJC_ROOT_CLASS = YES_ERROR;
				CLANG_WARN_RANGE_LOOP_ANALYSIS = YES;
				CLANG_WARN_STRICT_PROTOTYPES = YES;
				CLANG_WARN_SUSPICIOUS_MOVE = YES;
				CLANG_WARN_UNGUARDED_AVAILABILITY = YES_AGGRESSIVE;
				CLANG_WARN_UNREACHABLE_CODE = YES;
				CLANG_WARN__DUPLICATE_METHOD_MATCH = YES;
				CODE_SIGN_IDENTITY = "iPhone Developer";
				COPY_PHASE_STRIP = NO;
				DEBUG_INFORMATION_FORMAT = dwarf;
				ENABLE_STRICT_OBJC_MSGSEND = YES;
				ENABLE_TESTABILITY = YES;
				GCC_C_LANGUAGE_STANDARD = gnu11;
				GCC_DYNAMIC_NO_PIC = NO;
				GCC_NO_COMMON_BLOCKS = YES;
				GCC_OPTIMIZATION_LEVEL = 0;
				GCC_PREPROCESSOR_DEFINITIONS = (
					"DEBUG=1",
					"$(inherited)",
				);
				GCC_WARN_64_TO_32_BIT_CONVERSION = YES;
				GCC_WARN_ABOUT_RETURN_TYPE = YES_ERROR;
				GCC_WARN_UNDECLARED_SELECTOR = YES;
				GCC_WARN_UNINITIALIZED_AUTOS = YES_AGGRESSIVE;
				GCC_WARN_UNUSED_FUNCTION = YES;
				GCC_WARN_UNUSED_VARIABLE = YES;
				IPHONEOS_DEPLOYMENT_TARGET = 12.1;
				MTL_ENABLE_DEBUG_INFO = INCLUDE_SOURCE;
				MTL_FAST_MATH = YES;
				ONLY_ACTIVE_ARCH = YES;
				SDKROOT = iphoneos;
			};
			name = Debug;
		};
		1017A8C72216A622006DBC30 /* Release */ = {
			isa = XCBuildConfiguration;
			buildSettings = {
				ALWAYS_SEARCH_USER_PATHS = NO;
				CLANG_ANALYZER_NONNULL = YES;
				CLANG_ANALYZER_NUMBER_OBJECT_CONVERSION = YES_AGGRESSIVE;
				CLANG_CXX_LANGUAGE_STANDARD = "gnu++14";
				CLANG_CXX_LIBRARY = "libc++";
				CLANG_ENABLE_MODULES = YES;
				CLANG_ENABLE_OBJC_ARC = YES;
				CLANG_ENABLE_OBJC_WEAK = YES;
				CLANG_WARN_BLOCK_CAPTURE_AUTORELEASING = YES;
				CLANG_WARN_BOOL_CONVERSION = YES;
				CLANG_WARN_COMMA = YES;
				CLANG_WARN_CONSTANT_CONVERSION = YES;
				CLANG_WARN_DEPRECATED_OBJC_IMPLEMENTATIONS = YES;
				CLANG_WARN_DIRECT_OBJC_ISA_USAGE = YES_ERROR;
				CLANG_WARN_DOCUMENTATION_COMMENTS = YES;
				CLANG_WARN_EMPTY_BODY = YES;
				CLANG_WARN_ENUM_CONVERSION = YES;
				CLANG_WARN_INFINITE_RECURSION = YES;
				CLANG_WARN_INT_CONVERSION = YES;
				CLANG_WARN_NON_LITERAL_NULL_CONVERSION = YES;
				CLANG_WARN_OBJC_IMPLICIT_RETAIN_SELF = YES;
				CLANG_WARN_OBJC_LITERAL_CONVERSION = YES;
				CLANG_WARN_OBJC_ROOT_CLASS = YES_ERROR;
				CLANG_WARN_RANGE_LOOP_ANALYSIS = YES;
				CLANG_WARN_STRICT_PROTOTYPES = YES;
				CLANG_WARN_SUSPICIOUS_MOVE = YES;
				CLANG_WARN_UNGUARDED_AVAILABILITY = YES_AGGRESSIVE;
				CLANG_WARN_UNREACHABLE_CODE = YES;
				CLANG_WARN__DUPLICATE_METHOD_MATCH = YES;
				CODE_SIGN_IDENTITY = "iPhone Developer";
				COPY_PHASE_STRIP = NO;
				DEBUG_INFORMATION_FORMAT = "dwarf-with-dsym";
				ENABLE_NS_ASSERTIONS = NO;
				ENABLE_STRICT_OBJC_MSGSEND = YES;
				GCC_C_LANGUAGE_STANDARD = gnu11;
				GCC_NO_COMMON_BLOCKS = YES;
				GCC_WARN_64_TO_32_BIT_CONVERSION = YES;
				GCC_WARN_ABOUT_RETURN_TYPE = YES_ERROR;
				GCC_WARN_UNDECLARED_SELECTOR = YES;
				GCC_WARN_UNINITIALIZED_AUTOS = YES_AGGRESSIVE;
				GCC_WARN_UNUSED_FUNCTION = YES;
				GCC_WARN_UNUSED_VARIABLE = YES;
				IPHONEOS_DEPLOYMENT_TARGET = 12.1;
				MTL_ENABLE_DEBUG_INFO = NO;
				MTL_FAST_MATH = YES;
				SDKROOT = iphoneos;
				VALIDATE_PRODUCT = YES;
			};
			name = Release;
		};
		1017A8C92216A622006DBC30 /* Debug */ = {
			isa = XCBuildConfiguration;
			baseConfigurationReference = 86E941DD6D37F6FF52FDCD18 /* Pods-HCMoudleLifecycle.debug.xcconfig */;
			buildSettings = {
				ASSETCATALOG_COMPILER_APPICON_NAME = AppIcon;
				CODE_SIGN_STYLE = Automatic;
				DEVELOPMENT_TEAM = L2ZY2L7GYS;
				INFOPLIST_FILE = HCMoudleLifecycle/Info.plist;
				LD_RUNPATH_SEARCH_PATHS = (
					"$(inherited)",
					"@executable_path/Frameworks",
				);
				PRODUCT_BUNDLE_IDENTIFIER = hc.HCMoudleLifecycle;
				PRODUCT_NAME = "$(TARGET_NAME)";
				TARGETED_DEVICE_FAMILY = "1,2";
			};
			name = Debug;
		};
		1017A8CA2216A622006DBC30 /* Release */ = {
			isa = XCBuildConfiguration;
			baseConfigurationReference = D2147E5FFEB06F38291DA54A /* Pods-HCMoudleLifecycle.release.xcconfig */;
			buildSettings = {
				ASSETCATALOG_COMPILER_APPICON_NAME = AppIcon;
				CODE_SIGN_STYLE = Automatic;
				DEVELOPMENT_TEAM = L2ZY2L7GYS;
				INFOPLIST_FILE = HCMoudleLifecycle/Info.plist;
				LD_RUNPATH_SEARCH_PATHS = (
					"$(inherited)",
					"@executable_path/Frameworks",
				);
				PRODUCT_BUNDLE_IDENTIFIER = hc.HCMoudleLifecycle;
				PRODUCT_NAME = "$(TARGET_NAME)";
				TARGETED_DEVICE_FAMILY = "1,2";
			};
			name = Release;
		};
		1017A8CC2216A622006DBC30 /* Debug */ = {
			isa = XCBuildConfiguration;
			baseConfigurationReference = 2E80B8606D9FCF8004379126 /* Pods-HCMoudleLifecycleTests.debug.xcconfig */;
			buildSettings = {
				BUNDLE_LOADER = "$(TEST_HOST)";
				CODE_SIGN_STYLE = Automatic;
				DEVELOPMENT_TEAM = L2ZY2L7GYS;
				INFOPLIST_FILE = HCMoudleLifecycleTests/Info.plist;
				LD_RUNPATH_SEARCH_PATHS = (
					"$(inherited)",
					"@executable_path/Frameworks",
					"@loader_path/Frameworks",
				);
				PRODUCT_BUNDLE_IDENTIFIER = hc.HCMoudleLifecycleTests;
				PRODUCT_NAME = "$(TARGET_NAME)";
				TARGETED_DEVICE_FAMILY = "1,2";
				TEST_HOST = "$(BUILT_PRODUCTS_DIR)/HCMoudleLifecycle.app/HCMoudleLifecycle";
			};
			name = Debug;
		};
		1017A8CD2216A622006DBC30 /* Release */ = {
			isa = XCBuildConfiguration;
			baseConfigurationReference = A3BFCACA2D2F3E09449E8F3B /* Pods-HCMoudleLifecycleTests.release.xcconfig */;
			buildSettings = {
				BUNDLE_LOADER = "$(TEST_HOST)";
				CODE_SIGN_STYLE = Automatic;
				DEVELOPMENT_TEAM = L2ZY2L7GYS;
				INFOPLIST_FILE = HCMoudleLifecycleTests/Info.plist;
				LD_RUNPATH_SEARCH_PATHS = (
					"$(inherited)",
					"@executable_path/Frameworks",
					"@loader_path/Frameworks",
				);
				PRODUCT_BUNDLE_IDENTIFIER = hc.HCMoudleLifecycleTests;
				PRODUCT_NAME = "$(TARGET_NAME)";
				TARGETED_DEVICE_FAMILY = "1,2";
				TEST_HOST = "$(BUILT_PRODUCTS_DIR)/HCMoudleLifecycle.app/HCMoudleLifecycle";
			};
			name = Release;
		};
/* End XCBuildConfiguration section */

/* Begin XCConfigurationList section */
		1017A8A22216A620006DBC30 /* Build configuration list for PBXProject "HCMoudleLifecycle" */ = {
			isa = XCConfigurationList;
			buildConfigurations = (
				1017A8C62216A622006DBC30 /* Debug */,
				1017A8C72216A622006DBC30 /* Release */,
			);
			defaultConfigurationIsVisible = 0;
			defaultConfigurationName = Release;
		};
		1017A8C82216A622006DBC30 /* Build configuration list for PBXNativeTarget "HCMoudleLifecycle" */ = {
			isa = XCConfigurationList;
			buildConfigurations = (
				1017A8C92216A622006DBC30 /* Debug */,
				1017A8CA2216A622006DBC30 /* Release */,
			);
			defaultConfigurationIsVisible = 0;
			defaultConfigurationName = Release;
		};
		1017A8CB2216A622006DBC30 /* Build configuration list for PBXNativeTarget "HCMoudleLifecycleTests" */ = {
			isa = XCConfigurationList;
			buildConfigurations = (
				1017A8CC2216A622006DBC30 /* Debug */,
				1017A8CD2216A622006DBC30 /* Release */,
			);
			defaultConfigurationIsVisible = 0;
			defaultConfigurationName = Release;
		};
/* End XCConfigurationList section */
	};
	rootObject = 1017A89F2216A620006DBC30 /* Project object */;
}
